// !$*UTF8*$!
{
	archiveVersion = 1;
	classes = {
	};
	objectVersion = 46;
	objects = {

/* Begin PBXBuildFile section */
		D928E8621E674C3000E135AE /* PageController.swift in Sources */ = {isa = PBXBuildFile; fileRef = D928E8611E674C3000E135AE /* PageController.swift */; };
		D9BCFD2E1E65D74500DFA64D /* AppDelegate.swift in Sources */ = {isa = PBXBuildFile; fileRef = D9BCFD2D1E65D74500DFA64D /* AppDelegate.swift */; };
		D9BCFD301E65D74500DFA64D /* ViewController.swift in Sources */ = {isa = PBXBuildFile; fileRef = D9BCFD2F1E65D74500DFA64D /* ViewController.swift */; };
		D9BCFD331E65D74500DFA64D /* Main.storyboard in Resources */ = {isa = PBXBuildFile; fileRef = D9BCFD311E65D74500DFA64D /* Main.storyboard */; };
		D9BCFD351E65D74500DFA64D /* Assets.xcassets in Resources */ = {isa = PBXBuildFile; fileRef = D9BCFD341E65D74500DFA64D /* Assets.xcassets */; };
		D9BCFD381E65D74500DFA64D /* LaunchScreen.storyboard in Resources */ = {isa = PBXBuildFile; fileRef = D9BCFD361E65D74500DFA64D /* LaunchScreen.storyboard */; };
		D9BCFD401E65E00700DFA64D /* Story.swift in Sources */ = {isa = PBXBuildFile; fileRef = D9BCFD3F1E65E00700DFA64D /* Story.swift */; };
		D9BCFD421E65E97A00DFA64D /* Page.swift in Sources */ = {isa = PBXBuildFile; fileRef = D9BCFD411E65E97A00DFA64D /* Page.swift */; };
/* End PBXBuildFile section */

/* Begin PBXFileReference section */
		D928E8611E674C3000E135AE /* PageController.swift */ = {isa = PBXFileReference; fileEncoding = 4; lastKnownFileType = sourcecode.swift; path = PageController.swift; sourceTree = "<group>"; };
		D9BCFD2A1E65D74500DFA64D /* InteractiveStory.app */ = {isa = PBXFileReference; explicitFileType = wrapper.application; includeInIndex = 0; path = InteractiveStory.app; sourceTree = BUILT_PRODUCTS_DIR; };
		D9BCFD2D1E65D74500DFA64D /* AppDelegate.swift */ = {isa = PBXFileReference; lastKnownFileType = sourcecode.swift; path = AppDelegate.swift; sourceTree = "<group>"; };
		D9BCFD2F1E65D74500DFA64D /* ViewController.swift */ = {isa = PBXFileReference; lastKnownFileType = sourcecode.swift; path = ViewController.swift; sourceTree = "<group>"; };
		D9BCFD321E65D74500DFA64D /* Base */ = {isa = PBXFileReference; lastKnownFileType = file.storyboard; name = Base; path = Base.lproj/Main.storyboard; sourceTree = "<group>"; };
		D9BCFD341E65D74500DFA64D /* Assets.xcassets */ = {isa = PBXFileReference; lastKnownFileType = folder.assetcatalog; path = Assets.xcassets; sourceTree = "<group>"; };
		D9BCFD371E65D74500DFA64D /* Base */ = {isa = PBXFileReference; lastKnownFileType = file.storyboard; name = Base; path = Base.lproj/LaunchScreen.storyboard; sourceTree = "<group>"; };
		D9BCFD391E65D74500DFA64D /* Info.plist */ = {isa = PBXFileReference; lastKnownFileType = text.plist.xml; path = Info.plist; sourceTree = "<group>"; };
		D9BCFD3F1E65E00700DFA64D /* Story.swift */ = {isa = PBXFileReference; fileEncoding = 4; lastKnownFileType = sourcecode.swift; path = Story.swift; sourceTree = "<group>"; };
		D9BCFD411E65E97A00DFA64D /* Page.swift */ = {isa = PBXFileReference; fileEncoding = 4; lastKnownFileType = sourcecode.swift; path = Page.swift; sourceTree = "<group>"; };
/* End PBXFileReference section */

/* Begin PBXFrameworksBuildPhase section */
		D9BCFD271E65D74400DFA64D /* Frameworks */ = {
			isa = PBXFrameworksBuildPhase;
			buildActionMask = 2147483647;
			files = (
			);
			runOnlyForDeploymentPostprocessing = 0;
		};
/* End PBXFrameworksBuildPhase section */

/* Begin PBXGroup section */
		D9BCFD211E65D74400DFA64D = {
			isa = PBXGroup;
			children = (
				D9BCFD2C1E65D74500DFA64D /* InteractiveStory */,
				D9BCFD2B1E65D74500DFA64D /* Products */,
			);
			sourceTree = "<group>";
		};
		D9BCFD2B1E65D74500DFA64D /* Products */ = {
			isa = PBXGroup;
			children = (
				D9BCFD2A1E65D74500DFA64D /* InteractiveStory.app */,
			);
			name = Products;
			sourceTree = "<group>";
		};
		D9BCFD2C1E65D74500DFA64D /* InteractiveStory */ = {
			isa = PBXGroup;
			children = (
				D9BCFD2D1E65D74500DFA64D /* AppDelegate.swift */,
				D9BCFD2F1E65D74500DFA64D /* ViewController.swift */,
				D9BCFD3F1E65E00700DFA64D /* Story.swift */,
				D9BCFD411E65E97A00DFA64D /* Page.swift */,
				D928E8611E674C3000E135AE /* PageController.swift */,
				D9BCFD311E65D74500DFA64D /* Main.storyboard */,
				D9BCFD341E65D74500DFA64D /* Assets.xcassets */,
				D9BCFD361E65D74500DFA64D /* LaunchScreen.storyboard */,
				D9BCFD391E65D74500DFA64D /* Info.plist */,
			);
			path = InteractiveStory;
			sourceTree = "<group>";
		};
/* End PBXGroup section */

/* Begin PBXNativeTarget section */
		D9BCFD291E65D74400DFA64D /* InteractiveStory */ = {
			isa = PBXNativeTarget;
			buildConfigurationList = D9BCFD3C1E65D74500DFA64D /* Build configuration list for PBXNativeTarget "InteractiveStory" */;
			buildPhases = (
				D9BCFD261E65D74400DFA64D /* Sources */,
				D9BCFD271E65D74400DFA64D /* Frameworks */,
				D9BCFD281E65D74400DFA64D /* Resources */,
			);
			buildRules = (
			);
			dependencies = (
			);
			name = InteractiveStory;
			productName = InteractiveStory;
			productReference = D9BCFD2A1E65D74500DFA64D /* InteractiveStory.app */;
			productType = "com.apple.product-type.application";
		};
/* End PBXNativeTarget section */

/* Begin PBXProject section */
		D9BCFD221E65D74400DFA64D /* Project object */ = {
			isa = PBXProject;
			attributes = {
				LastSwiftUpdateCheck = 0820;
				LastUpgradeCheck = 0820;
				ORGANIZATIONNAME = Vasily;
				TargetAttributes = {
					D9BCFD291E65D74400DFA64D = {
						CreatedOnToolsVersion = 8.2.1;
						DevelopmentTeam = 267PJJJ98S;
						ProvisioningStyle = Automatic;
					};
				};
			};
			buildConfigurationList = D9BCFD251E65D74400DFA64D /* Build configuration list for PBXProject "InteractiveStory" */;
			compatibilityVersion = "Xcode 3.2";
			developmentRegion = English;
			hasScannedForEncodings = 0;
			knownRegions = (
				en,
				Base,
			);
			mainGroup = D9BCFD211E65D74400DFA64D;
			productRefGroup = D9BCFD2B1E65D74500DFA64D /* Products */;
			projectDirPath = "";
			projectRoot = "";
			targets = (
				D9BCFD291E65D74400DFA64D /* InteractiveStory */,
			);
		};
/* End PBXProject section */

/* Begin PBXResourcesBuildPhase section */
		D9BCFD281E65D74400DFA64D /* Resources */ = {
			isa = PBXResourcesBuildPhase;
			buildActionMask = 2147483647;
			files = (
				D9BCFD381E65D74500DFA64D /* LaunchScreen.storyboard in Resources */,
				D9BCFD351E65D74500DFA64D /* Assets.xcassets in Resources */,
				D9BCFD331E65D74500DFA64D /* Main.storyboard in Resources */,
			);
			runOnlyForDeploymentPostprocessing = 0;
		};
/* End PBXResourcesBuildPhase section */

/* Begin PBXSourcesBuildPhase section */
		D9BCFD261E65D74400DFA64D /* Sources */ = {
			isa = PBXSourcesBuildPhase;
			buildActionMask = 2147483647;
			files = (
				D9BCFD301E65D74500DFA64D /* ViewController.swift in Sources */,
				D9BCFD2E1E65D74500DFA64D /* AppDelegate.swift in Sources */,
				D9BCFD421E65E97A00DFA64D /* Page.swift in Sources */,
				D9BCFD401E65E00700DFA64D /* Story.swift in Sources */,
				D928E8621E674C3000E135AE /* PageController.swift in Sources */,
			);
			runOnlyForDeploymentPostprocessing = 0;
		};
/* End PBXSourcesBuildPhase section */

/* Begin PBXVariantGroup section */
		D9BCFD311E65D74500DFA64D /* Main.storyboard */ = {
			isa = PBXVariantGroup;
			children = (
				D9BCFD321E65D74500DFA64D /* Base */,
			);
			name = Main.storyboard;
			sourceTree = "<group>";
		};
		D9BCFD361E65D74500DFA64D /* LaunchScreen.storyboard */ = {
			isa = PBXVariantGroup;
			children = (
				D9BCFD371E65D74500DFA64D /* Base */,
			);
			name = LaunchScreen.storyboard;
			sourceTree = "<group>";
		};
/* End PBXVariantGroup section */

/* Begin XCBuildConfiguration section */
		D9BCFD3A1E65D74500DFA64D /* Debug */ = {
			isa = XCBuildConfiguration;
			buildSettings = {
				ALWAYS_SEARCH_USER_PATHS = NO;
				CLANG_ANALYZER_NONNULL = YES;
				CLANG_CXX_LANGUAGE_STANDARD = "gnu++0x";
				CLANG_CXX_LIBRARY = "libc++";
				CLANG_ENABLE_MODULES = YES;
				CLANG_ENABLE_OBJC_ARC = YES;
				CLANG_WARN_BOOL_CONVERSION = YES;
				CLANG_WARN_CONSTANT_CONVERSION = YES;
				CLANG_WARN_DIRECT_OBJC_ISA_USAGE = YES_ERROR;
				CLANG_WARN_DOCUMENTATION_COMMENTS = YES;
				CLANG_WARN_EMPTY_BODY = YES;
				CLANG_WARN_ENUM_CONVERSION = YES;
				CLANG_WARN_INFINITE_RECURSION = YES;
				CLANG_WARN_INT_CONVERSION = YES;
				CLANG_WARN_OBJC_ROOT_CLASS = YES_ERROR;
				CLANG_WARN_SUSPICIOUS_MOVE = YES;
				CLANG_WARN_UNREACHABLE_CODE = YES;
				CLANG_WARN__DUPLICATE_METHOD_MATCH = YES;
				"CODE_SIGN_IDENTITY[sdk=iphoneos*]" = "iPhone Developer";
				COPY_PHASE_STRIP = NO;
				DEBUG_INFORMATION_FORMAT = dwarf;
				ENABLE_STRICT_OBJC_MSGSEND = YES;
				ENABLE_TESTABILITY = YES;
				GCC_C_LANGUAGE_STANDARD = gnu99;
				GCC_DYNAMIC_NO_PIC = NO;
				GCC_NO_COMMON_BLOCKS = YES;
				GCC_OPTIMIZATION_LEVEL = 0;
				GCC_PREPROCESSOR_DEFINITIONS = (
					"DEBUG=1",
					"$(inherited)",
				);
				GCC_WARN_64_TO_32_BIT_CONVERSION = YES;
				GCC_WARN_ABOUT_RETURN_TYPE = YES_ERROR;
				GCC_WARN_UNDECLARED_SELECTOR = YES;
				GCC_WARN_UNINITIALIZED_AUTOS = YES_AGGRESSIVE;
				GCC_WARN_UNUSED_FUNCTION = YES;
				GCC_WARN_UNUSED_VARIABLE = YES;
				IPHONEOS_DEPLOYMENT_TARGET = 10.2;
				MTL_ENABLE_DEBUG_INFO = YES;
				ONLY_ACTIVE_ARCH = YES;
				SDKROOT = iphoneos;
				SWIFT_ACTIVE_COMPILATION_CONDITIONS = DEBUG;
				SWIFT_OPTIMIZATION_LEVEL = "-Onone";
			};
			name = Debug;
		};
		D9BCFD3B1E65D74500DFA64D /* Release */ = {
			isa = XCBuildConfiguration;
			buildSettings = {
				ALWAYS_SEARCH_USER_PATHS = NO;
				CLANG_ANALYZER_NONNULL = YES;
				CLANG_CXX_LANGUAGE_STANDARD = "gnu++0x";
				CLANG_CXX_LIBRARY = "libc++";
				CLANG_ENABLE_MODULES = YES;
				CLANG_ENABLE_OBJC_ARC = YES;
				CLANG_WARN_BOOL_CONVERSION = YES;
				CLANG_WARN_CONSTANT_CONVERSION = YES;
				CLANG_WARN_DIRECT_OBJC_ISA_USAGE = YES_ERROR;
				CLANG_WARN_DOCUMENTATION_COMMENTS = YES;
				CLANG_WARN_EMPTY_BODY = YES;
				CLANG_WARN_ENUM_CONVERSION = YES;
				CLANG_WARN_INFINITE_RECURSION = YES;
				CLANG_WARN_INT_CONVERSION = YES;
				CLANG_WARN_OBJC_ROOT_CLASS = YES_ERROR;
				CLANG_WARN_SUSPICIOUS_MOVE = YES;
				CLANG_WARN_UNREACHABLE_CODE = YES;
				CLANG_WARN__DUPLICATE_METHOD_MATCH = YES;
				"CODE_SIGN_IDENTITY[sdk=iphoneos*]" = "iPhone Developer";
				COPY_PHASE_STRIP = NO;
				DEBUG_INFORMATION_FORMAT = "dwarf-with-dsym";
				ENABLE_NS_ASSERTIONS = NO;
				ENABLE_STRICT_OBJC_MSGSEND = YES;
				GCC_C_LANGUAGE_STANDARD = gnu99;
				GCC_NO_COMMON_BLOCKS = YES;
				GCC_WARN_64_TO_32_BIT_CONVERSION = YES;
				GCC_WARN_ABOUT_RETURN_TYPE = YES_ERROR;
				GCC_WARN_UNDECLARED_SELECTOR = YES;
				GCC_WARN_UNINITIALIZED_AUTOS = YES_AGGRESSIVE;
				GCC_WARN_UNUSED_FUNCTION = YES;
				GCC_WARN_UNUSED_VARIABLE = YES;
				IPHONEOS_DEPLOYMENT_TARGET = 10.2;
				MTL_ENABLE_DEBUG_INFO = NO;
				SDKROOT = iphoneos;
				SWIFT_OPTIMIZATION_LEVEL = "-Owholemodule";
				VALIDATE_PRODUCT = YES;
			};
			name = Release;
		};
		D9BCFD3D1E65D74500DFA64D /* Debug */ = {
			isa = XCBuildConfiguration;
			buildSettings = {
				ASSETCATALOG_COMPILER_APPICON_NAME = AppIcon;
				DEVELOPMENT_TEAM = 267PJJJ98S;
				INFOPLIST_FILE = InteractiveStory/Info.plist;
				LD_RUNPATH_SEARCH_PATHS = "$(inherited) @executable_path/Frameworks";
				PRODUCT_BUNDLE_IDENTIFIER = fuck.name.InteractiveStory;
				PRODUCT_NAME = "$(TARGET_NAME)";
				SWIFT_VERSION = 3.0;
			};
			name = Debug;
		};
		D9BCFD3E1E65D74500DFA64D /* Release */ = {
			isa = XCBuildConfiguration;
			buildSettings = {
				ASSETCATALOG_COMPILER_APPICON_NAME = AppIcon;
				DEVELOPMENT_TEAM = 267PJJJ98S;
				INFOPLIST_FILE = InteractiveStory/Info.plist;
				LD_RUNPATH_SEARCH_PATHS = "$(inherited) @executable_path/Frameworks";
				PRODUCT_BUNDLE_IDENTIFIER = fuck.name.InteractiveStory;
				PRODUCT_NAME = "$(TARGET_NAME)";
				SWIFT_VERSION = 3.0;
			};
			name = Release;
		};
/* End XCBuildConfiguration section */

/* Begin XCConfigurationList section */
		D9BCFD251E65D74400DFA64D /* Build configuration list for PBXProject "InteractiveStory" */ = {
			isa = XCConfigurationList;
			buildConfigurations = (
				D9BCFD3A1E65D74500DFA64D /* Debug */,
				D9BCFD3B1E65D74500DFA64D /* Release */,
			);
			defaultConfigurationIsVisible = 0;
			defaultConfigurationName = Release;
		};
		D9BCFD3C1E65D74500DFA64D /* Build configuration list for PBXNativeTarget "InteractiveStory" */ = {
			isa = XCConfigurationList;
			buildConfigurations = (
				D9BCFD3D1E65D74500DFA64D /* Debug */,
				D9BCFD3E1E65D74500DFA64D /* Release */,
			);
			defaultConfigurationIsVisible = 0;
			defaultConfigurationName = Release;
		};
/* End XCConfigurationList section */
	};
	rootObject = D9BCFD221E65D74400DFA64D /* Project object */;
}
